version: 1
generated_at: 2026-08-21T11:48:00Z
internal: []
trusted:
  - action: actions/checkout
    refs:
      - 34e114876b0b11c390a56381ad16ebd13914f8d5
      - f43a0e5ff2bd294095638e18286ca9a3d1956744
    occurrences:
      34e114876b0b11c390a56381ad16ebd13914f8d5:
        .github/workflows/cd.yaml:
          - jobs.publish-binary.steps.[1].uses
          - jobs.publish-main-package.steps.[1].uses
        .github/workflows/ci.yaml:
          - jobs.build.steps.[1].uses
      f43a0e5ff2bd294095638e18286ca9a3d1956744:
        .github/workflows/cd.yaml:
          - jobs.publish-crate.steps.[1].uses
        .github/workflows/ci.yaml:
          - jobs.checks.steps.[1].uses
external:
  - action: step-security/actions-rs-cargo
    refs:
      - 34f23e8d4bb3618bc5485c3341f2bf88024fc4dc
    occurrences:
      34f23e8d4bb3618bc5485c3341f2bf88024fc4dc:
        .github/workflows/cd.yaml:
          - jobs.publish-binary.steps.[7].uses
          - jobs.publish-binary.steps.[8].uses
        .github/workflows/ci.yaml:
          - jobs.build.steps.[5].uses
          - jobs.build.steps.[6].uses
  - action: step-security/actions-rs-toolchain
    refs:
      - 40a2f87e50bed6faa2d050e99810b226b75d8c8a
    occurrences:
      40a2f87e50bed6faa2d050e99810b226b75d8c8a:
        .github/workflows/cd.yaml:
          - jobs.publish-binary.steps.[6].uses
        .github/workflows/ci.yaml:
          - jobs.build.steps.[4].uses
  - action: step-security/harden-runner
    refs:
      - 9af89fc71515a100421586dfdb3dc9c984fbf411
    occurrences:
      9af89fc71515a100421586dfdb3dc9c984fbf411:
        .github/workflows/cd.yaml:
          - jobs.publish-binary.steps.[0].uses
          - jobs.publish-main-package.steps.[0].uses
          - jobs.publish-crate.steps.[0].uses
        .github/workflows/ci.yaml:
          - jobs.build.steps.[0].uses
          - jobs.checks.steps.[0].uses
  - action: step-security/mise-action
    refs:
      - 2796166110dee826668caddd4bffedae5116e7cd
    occurrences:
      2796166110dee826668caddd4bffedae5116e7cd:
        .github/workflows/cd.yaml:
          - jobs.publish-binary.steps.[2].uses
          - jobs.publish-main-package.steps.[2].uses
  - action: step-security/rust-cache
    refs:
      - 851174d9a2fdc03e0896e02844dcc61d81dd7851
    occurrences:
      851174d9a2fdc03e0896e02844dcc61d81dd7851:
        .github/workflows/cd.yaml:
          - jobs.publish-binary.steps.[5].uses
          - jobs.publish-crate.steps.[2].uses
        .github/workflows/ci.yaml:
          - jobs.build.steps.[3].uses
          - jobs.checks.steps.[2].uses
  - action: step-security/upload-release-action
    refs:
      - ecbc6042326f3a6f5a8c1c1202c4fa1b244db249
    occurrences:
      ecbc6042326f3a6f5a8c1c1202c4fa1b244db249:
        .github/workflows/cd.yaml:
          - jobs.publish-binary.steps.[11].uses
          - jobs.publish-binary.steps.[12].uses
local: []
docker: []
dynamic: []
nested_floating_deps: []
