# @generated - this file is auto-generated by `mise lock` https://mise.jdx.dev/dev-tools/mise-lock.html

[[tools.node]]
version = "20.14.0"
backend = "core:node"

[tools.node."platforms.linux-arm64"]
checksum = "sha256:d63e83fca4f81801396620c46a42892a2ef26e21a4508f68de373e61a12bd9c5"
url = "https://nodejs.org/dist/v20.14.0/node-v20.14.0-linux-arm64.tar.gz"

[tools.node."platforms.linux-arm64-musl"]
checksum = "sha256:f01109d3102754ac360fcf25aa588f3bef5c090a8eed3fb1d0be194149c46cf2"
url = "https://nodejs.org/dist/v20.14.0/node-v20.14.0.tar.gz"
install = "source"

[tools.node."platforms.linux-x64"]
checksum = "sha256:5b9bf40cfc7c21de14a1b4c367650e3c96eb101156bf9368ffc2f947414b6581"
url = "https://nodejs.org/dist/v20.14.0/node-v20.14.0-linux-x64.tar.gz"

[tools.node."platforms.linux-x64-musl"]
checksum = "sha256:ce7416bb49c7c748f10fccd405a621905cd2f6bcda6a5a733ac6a58d1cd0cd9f"
url = "https://unofficial-builds.nodejs.org/download/release/v20.14.0/node-v20.14.0-linux-x64-musl.tar.gz"

[tools.node."platforms.macos-arm64"]
checksum = "sha256:d2148d79e9ff04d2982d00faeae942ceba488ca327a91065e528235167b9e9d6"
url = "https://nodejs.org/dist/v20.14.0/node-v20.14.0-darwin-arm64.tar.gz"

[tools.node."platforms.macos-x64"]
checksum = "sha256:1dcc18a199cb5f46d43ed1c3c61b87a247d1a1a11dd6b32a36a9c46ac1088f86"
url = "https://nodejs.org/dist/v20.14.0/node-v20.14.0-darwin-x64.tar.gz"

[tools.node."platforms.windows-x64"]
checksum = "sha256:04cc745e572ff53a6b9ce5b573e4a18303e32351e60c278a93b84466b60d532f"
url = "https://nodejs.org/dist/v20.14.0/node-v20.14.0-win-x64.zip"
